
Microsoft Visual Studio Solution File, Format Version 12.00
# Visual Studio 15
Project("{FAE04EC0-301F-11D3-BF4B-00C04F79EFBC}") = "Assembly-CSharp", "Assembly-CSharp.csproj", "{A7FEC6DC-F79B-B98E-4C85-31DA3C9D3FFE}"
EndProject
Project("{FAE04EC0-301F-11D3-BF4B-00C04F79EFBC}") = "PhotonUnityNetworking.Demos", "PhotonUnityNetworking.Demos.csproj", "{B15002F5-C84F-3964-014D-4CAA3D1B4AF6}"
EndProject
Project("{FAE04EC0-301F-11D3-BF4B-00C04F79EFBC}") = "PhotonRealtime", "PhotonRealtime.csproj", "{267687E3-4D3F-65A0-44AF-B0A9043BAE61}"
EndProject
Project("{FAE04EC0-301F-11D3-BF4B-00C04F79EFBC}") = "PhotonUnityNetworking", "PhotonUnityNetworking.csproj", "{040F5AFA-170A-66B6-2C09-1FD0AAF93331}"
EndProject
Project("{FAE04EC0-301F-11D3-BF4B-00C04F79EFBC}") = "PhotonUnityNetworking.Utilities", "PhotonUnityNetworking.Utilities.csproj", "{553C2F3A-439C-3CCD-9DE7-1EC15B7C2A0F}"
EndProject
Project("{FAE04EC0-301F-11D3-BF4B-00C04F79EFBC}") = "PhotonChat", "PhotonChat.csproj", "{6933DBF6-F4A1-9D75-C160-B36F8E1BCA8F}"
EndProject
Project("{FAE04EC0-301F-11D3-BF4B-00C04F79EFBC}") = "PhotonUnityNetworking.Editor", "PhotonUnityNetworking.Editor.csproj", "{DC0C87C2-FC05-1F93-DF65-7069C235FC6F}"
EndProject
Project("{FAE04EC0-301F-11D3-BF4B-00C04F79EFBC}") = "PhotonUnityNetworking.Utilities.PhotonPlayer.Editor", "PhotonUnityNetworking.Utilities.PhotonPlayer.Editor.csproj", "{0CF08267-0D94-5E1D-8596-EEF8C3DDF7BD}"
EndProject
Project("{FAE04EC0-301F-11D3-BF4B-00C04F79EFBC}") = "PunDemos.DemoSlotcarEditor", "PunDemos.DemoSlotcarEditor.csproj", "{2A3B052B-67AA-5D63-F74C-5BE6356B8762}"
EndProject
Project("{FAE04EC0-301F-11D3-BF4B-00C04F79EFBC}") = "PhotonUnityNetworking.Utilities.Culling.Editor", "PhotonUnityNetworking.Utilities.Culling.Editor.csproj", "{616E30BC-CF7C-EE1C-52D0-B063FCC06110}"
EndProject
Project("{FAE04EC0-301F-11D3-BF4B-00C04F79EFBC}") = "PunDemos.DemoHubEditor", "PunDemos.DemoHubEditor.csproj", "{9986E2E9-FEB4-2234-3A43-1C36F1E9DA6A}"
EndProject
Project("{FAE04EC0-301F-11D3-BF4B-00C04F79EFBC}") = "Assembly-CSharp-Editor", "Assembly-CSharp-Editor.csproj", "{FF851E19-9CD7-2778-DB7D-F1866535E563}"
EndProject
Global
	GlobalSection(SolutionConfigurationPlatforms) = preSolution
		Debug|Any CPU = Debug|Any CPU
		Release|Any CPU = Release|Any CPU
	EndGlobalSection
	GlobalSection(ProjectConfigurationPlatforms) = postSolution
		{A7FEC6DC-F79B-B98E-4C85-31DA3C9D3FFE}.Debug|Any CPU.ActiveCfg = Debug|Any CPU
		{A7FEC6DC-F79B-B98E-4C85-31DA3C9D3FFE}.Debug|Any CPU.Build.0 = Debug|Any CPU
		{A7FEC6DC-F79B-B98E-4C85-31DA3C9D3FFE}.Release|Any CPU.ActiveCfg = Release|Any CPU
		{A7FEC6DC-F79B-B98E-4C85-31DA3C9D3FFE}.Release|Any CPU.Build.0 = Release|Any CPU
		{B15002F5-C84F-3964-014D-4CAA3D1B4AF6}.Debug|Any CPU.ActiveCfg = Debug|Any CPU
		{B15002F5-C84F-3964-014D-4CAA3D1B4AF6}.Debug|Any CPU.Build.0 = Debug|Any CPU
		{B15002F5-C84F-3964-014D-4CAA3D1B4AF6}.Release|Any CPU.ActiveCfg = Release|Any CPU
		{B15002F5-C84F-3964-014D-4CAA3D1B4AF6}.Release|Any CPU.Build.0 = Release|Any CPU
		{267687E3-4D3F-65A0-44AF-B0A9043BAE61}.Debug|Any CPU.ActiveCfg = Debug|Any CPU
		{267687E3-4D3F-65A0-44AF-B0A9043BAE61}.Debug|Any CPU.Build.0 = Debug|Any CPU
		{267687E3-4D3F-65A0-44AF-B0A9043BAE61}.Release|Any CPU.ActiveCfg = Release|Any CPU
		{267687E3-4D3F-65A0-44AF-B0A9043BAE61}.Release|Any CPU.Build.0 = Release|Any CPU
		{040F5AFA-170A-66B6-2C09-1FD0AAF93331}.Debug|Any CPU.ActiveCfg = Debug|Any CPU
		{040F5AFA-170A-66B6-2C09-1FD0AAF93331}.Debug|Any CPU.Build.0 = Debug|Any CPU
		{040F5AFA-170A-66B6-2C09-1FD0AAF93331}.Release|Any CPU.ActiveCfg = Release|Any CPU
		{040F5AFA-170A-66B6-2C09-1FD0AAF93331}.Release|Any CPU.Build.0 = Release|Any CPU
		{553C2F3A-439C-3CCD-9DE7-1EC15B7C2A0F}.Debug|Any CPU.ActiveCfg = Debug|Any CPU
		{553C2F3A-439C-3CCD-9DE7-1EC15B7C2A0F}.Debug|Any CPU.Build.0 = Debug|Any CPU
		{553C2F3A-439C-3CCD-9DE7-1EC15B7C2A0F}.Release|Any CPU.ActiveCfg = Release|Any CPU
		{553C2F3A-439C-3CCD-9DE7-1EC15B7C2A0F}.Release|Any CPU.Build.0 = Release|Any CPU
		{6933DBF6-F4A1-9D75-C160-B36F8E1BCA8F}.Debug|Any CPU.ActiveCfg = Debug|Any CPU
		{6933DBF6-F4A1-9D75-C160-B36F8E1BCA8F}.Debug|Any CPU.Build.0 = Debug|Any CPU
		{6933DBF6-F4A1-9D75-C160-B36F8E1BCA8F}.Release|Any CPU.ActiveCfg = Release|Any CPU
		{6933DBF6-F4A1-9D75-C160-B36F8E1BCA8F}.Release|Any CPU.Build.0 = Release|Any CPU
		{DC0C87C2-FC05-1F93-DF65-7069C235FC6F}.Debug|Any CPU.ActiveCfg = Debug|Any CPU
		{DC0C87C2-FC05-1F93-DF65-7069C235FC6F}.Debug|Any CPU.Build.0 = Debug|Any CPU
		{DC0C87C2-FC05-1F93-DF65-7069C235FC6F}.Release|Any CPU.ActiveCfg = Release|Any CPU
		{DC0C87C2-FC05-1F93-DF65-7069C235FC6F}.Release|Any CPU.Build.0 = Release|Any CPU
		{0CF08267-0D94-5E1D-8596-EEF8C3DDF7BD}.Debug|Any CPU.ActiveCfg = Debug|Any CPU
		{0CF08267-0D94-5E1D-8596-EEF8C3DDF7BD}.Debug|Any CPU.Build.0 = Debug|Any CPU
		{0CF08267-0D94-5E1D-8596-EEF8C3DDF7BD}.Release|Any CPU.ActiveCfg = Release|Any CPU
		{0CF08267-0D94-5E1D-8596-EEF8C3DDF7BD}.Release|Any CPU.Build.0 = Release|Any CPU
		{2A3B052B-67AA-5D63-F74C-5BE6356B8762}.Debug|Any CPU.ActiveCfg = Debug|Any CPU
		{2A3B052B-67AA-5D63-F74C-5BE6356B8762}.Debug|Any CPU.Build.0 = Debug|Any CPU
		{2A3B052B-67AA-5D63-F74C-5BE6356B8762}.Release|Any CPU.ActiveCfg = Release|Any CPU
		{2A3B052B-67AA-5D63-F74C-5BE6356B8762}.Release|Any CPU.Build.0 = Release|Any CPU
		{616E30BC-CF7C-EE1C-52D0-B063FCC06110}.Debug|Any CPU.ActiveCfg = Debug|Any CPU
		{616E30BC-CF7C-EE1C-52D0-B063FCC06110}.Debug|Any CPU.Build.0 = Debug|Any CPU
		{616E30BC-CF7C-EE1C-52D0-B063FCC06110}.Release|Any CPU.ActiveCfg = Release|Any CPU
		{616E30BC-CF7C-EE1C-52D0-B063FCC06110}.Release|Any CPU.Build.0 = Release|Any CPU
		{9986E2E9-FEB4-2234-3A43-1C36F1E9DA6A}.Debug|Any CPU.ActiveCfg = Debug|Any CPU
		{9986E2E9-FEB4-2234-3A43-1C36F1E9DA6A}.Debug|Any CPU.Build.0 = Debug|Any CPU
		{9986E2E9-FEB4-2234-3A43-1C36F1E9DA6A}.Release|Any CPU.ActiveCfg = Release|Any CPU
		{9986E2E9-FEB4-2234-3A43-1C36F1E9DA6A}.Release|Any CPU.Build.0 = Release|Any CPU
		{FF851E19-9CD7-2778-DB7D-F1866535E563}.Debug|Any CPU.ActiveCfg = Debug|Any CPU
		{FF851E19-9CD7-2778-DB7D-F1866535E563}.Debug|Any CPU.Build.0 = Debug|Any CPU
		{FF851E19-9CD7-2778-DB7D-F1866535E563}.Release|Any CPU.ActiveCfg = Release|Any CPU
		{FF851E19-9CD7-2778-DB7D-F1866535E563}.Release|Any CPU.Build.0 = Release|Any CPU
	EndGlobalSection
	GlobalSection(SolutionProperties) = preSolution
		HideSolutionNode = FALSE
	EndGlobalSection
EndGlobal
